
Microsoft Visual Studio Solution File, Format Version 12.00
# Visual Studio Version 17
VisualStudioVersion = 17.5.33516.290
MinimumVisualStudioVersion = 10.0.40219.1
Project("{9A19103F-16F7-4668-BE54-9A1E7A4F7556}") = "RentACar.Data", "RentACar.Data\RentACar.Data.csproj", "{06F80F3C-581B-4D2F-B74A-9E96CDF4D8D1}"
EndProject
Project("{9A19103F-16F7-4668-BE54-9A1E7A4F7556}") = "RentACar.Models", "RentACar.Models\RentACar.Models.csproj", "{4873C7B8-C8EE-4FA4-9819-340149872060}"
EndProject
Project("{9A19103F-16F7-4668-BE54-9A1E7A4F7556}") = "RentACar.Services", "RentACar.Services\RentACar.Services.csproj", "{5061248B-F76D-4B54-9DCC-42EB18AFDCD3}"
EndProject
Project("{9A19103F-16F7-4668-BE54-9A1E7A4F7556}") = "RentACar.Web", "RentACar.Web\RentACar.Web\RentACar.Web.csproj", "{9FF0ED13-316E-46A3-954F-D9FC20056EDA}"
EndProject
Project("{9A19103F-16F7-4668-BE54-9A1E7A4F7556}") = "RentACar.Common", "RentACar.Common\RentACar.Common.csproj", "{7323ECDD-49E5-48FD-9076-1EE031E91D00}"
EndProject
Project("{FAE04EC0-301F-11D3-BF4B-00C04F79EFBC}") = "RentACar.ViewModels", "RentACar.ViewModels\RentACar.ViewModels.csproj", "{B9F59A91-5C5D-4221-BC45-F2ABF80F76D5}"
EndProject
Global
	GlobalSection(SolutionConfigurationPlatforms) = preSolution
		Debug|Any CPU = Debug|Any CPU
		Release|Any CPU = Release|Any CPU
	EndGlobalSection
	GlobalSection(ProjectConfigurationPlatforms) = postSolution
		{06F80F3C-581B-4D2F-B74A-9E96CDF4D8D1}.Debug|Any CPU.ActiveCfg = Debug|Any CPU
		{06F80F3C-581B-4D2F-B74A-9E96CDF4D8D1}.Debug|Any CPU.Build.0 = Debug|Any CPU
		{06F80F3C-581B-4D2F-B74A-9E96CDF4D8D1}.Release|Any CPU.ActiveCfg = Release|Any CPU
		{06F80F3C-581B-4D2F-B74A-9E96CDF4D8D1}.Release|Any CPU.Build.0 = Release|Any CPU
		{4873C7B8-C8EE-4FA4-9819-340149872060}.Debug|Any CPU.ActiveCfg = Debug|Any CPU
		{4873C7B8-C8EE-4FA4-9819-340149872060}.Debug|Any CPU.Build.0 = Debug|Any CPU
		{4873C7B8-C8EE-4FA4-9819-340149872060}.Release|Any CPU.ActiveCfg = Release|Any CPU
		{4873C7B8-C8EE-4FA4-9819-340149872060}.Release|Any CPU.Build.0 = Release|Any CPU
		{5061248B-F76D-4B54-9DCC-42EB18AFDCD3}.Debug|Any CPU.ActiveCfg = Debug|Any CPU
		{5061248B-F76D-4B54-9DCC-42EB18AFDCD3}.Debug|Any CPU.Build.0 = Debug|Any CPU
		{5061248B-F76D-4B54-9DCC-42EB18AFDCD3}.Release|Any CPU.ActiveCfg = Release|Any CPU
		{5061248B-F76D-4B54-9DCC-42EB18AFDCD3}.Release|Any CPU.Build.0 = Release|Any CPU
		{9FF0ED13-316E-46A3-954F-D9FC20056EDA}.Debug|Any CPU.ActiveCfg = Debug|Any CPU
		{9FF0ED13-316E-46A3-954F-D9FC20056EDA}.Debug|Any CPU.Build.0 = Debug|Any CPU
		{9FF0ED13-316E-46A3-954F-D9FC20056EDA}.Release|Any CPU.ActiveCfg = Release|Any CPU
		{9FF0ED13-316E-46A3-954F-D9FC20056EDA}.Release|Any CPU.Build.0 = Release|Any CPU
		{7323ECDD-49E5-48FD-9076-1EE031E91D00}.Debug|Any CPU.ActiveCfg = Debug|Any CPU
		{7323ECDD-49E5-48FD-9076-1EE031E91D00}.Debug|Any CPU.Build.0 = Debug|Any CPU
		{7323ECDD-49E5-48FD-9076-1EE031E91D00}.Release|Any CPU.ActiveCfg = Release|Any CPU
		{7323ECDD-49E5-48FD-9076-1EE031E91D00}.Release|Any CPU.Build.0 = Release|Any CPU
		{B9F59A91-5C5D-4221-BC45-F2ABF80F76D5}.Debug|Any CPU.ActiveCfg = Debug|Any CPU
		{B9F59A91-5C5D-4221-BC45-F2ABF80F76D5}.Debug|Any CPU.Build.0 = Debug|Any CPU
		{B9F59A91-5C5D-4221-BC45-F2ABF80F76D5}.Release|Any CPU.ActiveCfg = Release|Any CPU
		{B9F59A91-5C5D-4221-BC45-F2ABF80F76D5}.Release|Any CPU.Build.0 = Release|Any CPU
	EndGlobalSection
	GlobalSection(SolutionProperties) = preSolution
		HideSolutionNode = FALSE
	EndGlobalSection
	GlobalSection(ExtensibilityGlobals) = postSolution
		SolutionGuid = {A79FB344-A4F8-4D99-9C48-1EBA70F2A38A}
	EndGlobalSection
EndGlobal
